
Microsoft Visual Studio Solution File, Format Version 12.00
# Visual Studio Version 16
VisualStudioVersion = 16.0.30907.101
MinimumVisualStudioVersion = 10.0.40219.1
Project("{2150E333-8FDC-42A3-9474-1A3956D46DE8}") = "Application", "Application", "{FE1ED444-320A-4428-9F30-2C40F4D64EA3}"
EndProject
Project("{2150E333-8FDC-42A3-9474-1A3956D46DE8}") = "Domain", "Domain", "{111BEEA1-3057-4BA9-967C-0528CAB3E45D}"
EndProject
Project("{2150E333-8FDC-42A3-9474-1A3956D46DE8}") = "Infra.Data", "Infra.Data", "{C477FC40-FA27-4A9C-8D4D-2C692D53A556}"
EndProject
Project("{2150E333-8FDC-42A3-9474-1A3956D46DE8}") = "Infra.IoC", "Infra.IoC", "{F683588F-AA61-4226-BFF7-2C32AD21D806}"
EndProject
Project("{2150E333-8FDC-42A3-9474-1A3956D46DE8}") = "Presentation", "Presentation", "{6F0702ED-0C21-45E7-B6D0-8C244031DD84}"
EndProject
Project("{9A19103F-16F7-4668-BE54-9A1E7A4F7556}") = "CleanArch.Mvc", "CleanArch.Mvc\CleanArch.Mvc.csproj", "{22613C39-0F2F-4964-B6EB-4924716C3D11}"
EndProject
Project("{9A19103F-16F7-4668-BE54-9A1E7A4F7556}") = "CleanArch.Domain", "CleanArch.Domain\CleanArch.Domain.csproj", "{61C3A572-4101-474E-9F84-4AF290A04E2B}"
EndProject
Project("{9A19103F-16F7-4668-BE54-9A1E7A4F7556}") = "CleanArch.Infra.Data", "CleanArch.Infra.Data\CleanArch.Infra.Data.csproj", "{354A0979-D75E-4D57-BD0B-44F71CF14D14}"
EndProject
Project("{9A19103F-16F7-4668-BE54-9A1E7A4F7556}") = "CleanArch.Application", "CleanArch.Application\CleanArch.Application.csproj", "{1BC660C8-0FED-4964-8CC3-89994FA3E13D}"
EndProject
Project("{9A19103F-16F7-4668-BE54-9A1E7A4F7556}") = "CleanArch.Infra.IoC", "CleanArch.Infra.IoC\CleanArch.Infra.IoC.csproj", "{90515592-77A1-42DB-8957-BA8C12CE3F53}"
EndProject
Project("{2150E333-8FDC-42A3-9474-1A3956D46DE8}") = "Infra.Bus", "Infra.Bus", "{D8897481-9317-47B2-8B73-101543348303}"
EndProject
Project("{2150E333-8FDC-42A3-9474-1A3956D46DE8}") = "Api", "Api", "{6F72F91A-1EEA-4C56-9E54-413574451243}"
EndProject
Project("{9A19103F-16F7-4668-BE54-9A1E7A4F7556}") = "CleanArch.Infra.Bus", "CleanArch.Infra.Bus\CleanArch.Infra.Bus.csproj", "{81328725-6493-4B06-BDC8-3E4AB211BB6B}"
EndProject
Project("{9A19103F-16F7-4668-BE54-9A1E7A4F7556}") = "CleanArch.Domain.Core", "CleanArch.Domain.Core\CleanArch.Domain.Core.csproj", "{BD207A71-C429-4590-B45B-020884424DDB}"
EndProject
Project("{FAE04EC0-301F-11D3-BF4B-00C04F79EFBC}") = "CleanArch.Api", "CleanArch.Api\CleanArch.Api.csproj", "{6C71E046-6CE7-4F66-B4E9-868E209F818A}"
EndProject
Global
	GlobalSection(SolutionConfigurationPlatforms) = preSolution
		Debug|Any CPU = Debug|Any CPU
		Release|Any CPU = Release|Any CPU
	EndGlobalSection
	GlobalSection(ProjectConfigurationPlatforms) = postSolution
		{22613C39-0F2F-4964-B6EB-4924716C3D11}.Debug|Any CPU.ActiveCfg = Debug|Any CPU
		{22613C39-0F2F-4964-B6EB-4924716C3D11}.Debug|Any CPU.Build.0 = Debug|Any CPU
		{22613C39-0F2F-4964-B6EB-4924716C3D11}.Release|Any CPU.ActiveCfg = Release|Any CPU
		{22613C39-0F2F-4964-B6EB-4924716C3D11}.Release|Any CPU.Build.0 = Release|Any CPU
		{61C3A572-4101-474E-9F84-4AF290A04E2B}.Debug|Any CPU.ActiveCfg = Debug|Any CPU
		{61C3A572-4101-474E-9F84-4AF290A04E2B}.Debug|Any CPU.Build.0 = Debug|Any CPU
		{61C3A572-4101-474E-9F84-4AF290A04E2B}.Release|Any CPU.ActiveCfg = Release|Any CPU
		{61C3A572-4101-474E-9F84-4AF290A04E2B}.Release|Any CPU.Build.0 = Release|Any CPU
		{354A0979-D75E-4D57-BD0B-44F71CF14D14}.Debug|Any CPU.ActiveCfg = Debug|Any CPU
		{354A0979-D75E-4D57-BD0B-44F71CF14D14}.Debug|Any CPU.Build.0 = Debug|Any CPU
		{354A0979-D75E-4D57-BD0B-44F71CF14D14}.Release|Any CPU.ActiveCfg = Release|Any CPU
		{354A0979-D75E-4D57-BD0B-44F71CF14D14}.Release|Any CPU.Build.0 = Release|Any CPU
		{1BC660C8-0FED-4964-8CC3-89994FA3E13D}.Debug|Any CPU.ActiveCfg = Debug|Any CPU
		{1BC660C8-0FED-4964-8CC3-89994FA3E13D}.Debug|Any CPU.Build.0 = Debug|Any CPU
		{1BC660C8-0FED-4964-8CC3-89994FA3E13D}.Release|Any CPU.ActiveCfg = Release|Any CPU
		{1BC660C8-0FED-4964-8CC3-89994FA3E13D}.Release|Any CPU.Build.0 = Release|Any CPU
		{90515592-77A1-42DB-8957-BA8C12CE3F53}.Debug|Any CPU.ActiveCfg = Debug|Any CPU
		{90515592-77A1-42DB-8957-BA8C12CE3F53}.Debug|Any CPU.Build.0 = Debug|Any CPU
		{90515592-77A1-42DB-8957-BA8C12CE3F53}.Release|Any CPU.ActiveCfg = Release|Any CPU
		{90515592-77A1-42DB-8957-BA8C12CE3F53}.Release|Any CPU.Build.0 = Release|Any CPU
		{81328725-6493-4B06-BDC8-3E4AB211BB6B}.Debug|Any CPU.ActiveCfg = Debug|Any CPU
		{81328725-6493-4B06-BDC8-3E4AB211BB6B}.Debug|Any CPU.Build.0 = Debug|Any CPU
		{81328725-6493-4B06-BDC8-3E4AB211BB6B}.Release|Any CPU.ActiveCfg = Release|Any CPU
		{81328725-6493-4B06-BDC8-3E4AB211BB6B}.Release|Any CPU.Build.0 = Release|Any CPU
		{BD207A71-C429-4590-B45B-020884424DDB}.Debug|Any CPU.ActiveCfg = Debug|Any CPU
		{BD207A71-C429-4590-B45B-020884424DDB}.Debug|Any CPU.Build.0 = Debug|Any CPU
		{BD207A71-C429-4590-B45B-020884424DDB}.Release|Any CPU.ActiveCfg = Release|Any CPU
		{BD207A71-C429-4590-B45B-020884424DDB}.Release|Any CPU.Build.0 = Release|Any CPU
		{6C71E046-6CE7-4F66-B4E9-868E209F818A}.Debug|Any CPU.ActiveCfg = Debug|Any CPU
		{6C71E046-6CE7-4F66-B4E9-868E209F818A}.Debug|Any CPU.Build.0 = Debug|Any CPU
		{6C71E046-6CE7-4F66-B4E9-868E209F818A}.Release|Any CPU.ActiveCfg = Release|Any CPU
		{6C71E046-6CE7-4F66-B4E9-868E209F818A}.Release|Any CPU.Build.0 = Release|Any CPU
	EndGlobalSection
	GlobalSection(SolutionProperties) = preSolution
		HideSolutionNode = FALSE
	EndGlobalSection
	GlobalSection(NestedProjects) = preSolution
		{22613C39-0F2F-4964-B6EB-4924716C3D11} = {6F0702ED-0C21-45E7-B6D0-8C244031DD84}
		{61C3A572-4101-474E-9F84-4AF290A04E2B} = {111BEEA1-3057-4BA9-967C-0528CAB3E45D}
		{354A0979-D75E-4D57-BD0B-44F71CF14D14} = {C477FC40-FA27-4A9C-8D4D-2C692D53A556}
		{1BC660C8-0FED-4964-8CC3-89994FA3E13D} = {FE1ED444-320A-4428-9F30-2C40F4D64EA3}
		{90515592-77A1-42DB-8957-BA8C12CE3F53} = {F683588F-AA61-4226-BFF7-2C32AD21D806}
		{81328725-6493-4B06-BDC8-3E4AB211BB6B} = {D8897481-9317-47B2-8B73-101543348303}
		{BD207A71-C429-4590-B45B-020884424DDB} = {111BEEA1-3057-4BA9-967C-0528CAB3E45D}
		{6C71E046-6CE7-4F66-B4E9-868E209F818A} = {6F72F91A-1EEA-4C56-9E54-413574451243}
	EndGlobalSection
	GlobalSection(ExtensibilityGlobals) = postSolution
		SolutionGuid = {974EBCF8-3746-4E66-B913-0721CF962953}
	EndGlobalSection
EndGlobal
